// !$*UTF8*$!
{
	archiveVersion = 1;
	classes = {
	};
	objectVersion = 46;
	objects = {

/* Begin PBXBuildFile section */
		659B9A381B1105DC00F9C93C /* main.cpp in Sources */ = {isa = PBXBuildFile; fileRef = 659B9A371B1105DC00F9C93C /* main.cpp */; };
		659B9A401B110BE100F9C93C /* Robots.cpp in Sources */ = {isa = PBXBuildFile; fileRef = 659B9A3E1B110BE100F9C93C /* Robots.cpp */; };
/* End PBXBuildFile section */

/* Begin PBXCopyFilesBuildPhase section */
		659B9A321B1105DC00F9C93C /* CopyFiles */ = {
			isa = PBXCopyFilesBuildPhase;
			buildActionMask = 2147483647;
			dstPath = /usr/share/man/man1/;
			dstSubfolderSpec = 0;
			files = (
			);
			runOnlyForDeploymentPostprocessing = 1;
		};
/* End PBXCopyFilesBuildPhase section */

/* Begin PBXFileReference section */
		659B9A341B1105DC00F9C93C /* this */ = {isa = PBXFileReference; explicitFileType = "compiled.mach-o.executable"; includeInIndex = 0; path = this; sourceTree = BUILT_PRODUCTS_DIR; };
		659B9A371B1105DC00F9C93C /* main.cpp */ = {isa = PBXFileReference; lastKnownFileType = sourcecode.cpp.cpp; path = main.cpp; sourceTree = "<group>"; };
		659B9A3E1B110BE100F9C93C /* Robots.cpp */ = {isa = PBXFileReference; fileEncoding = 4; lastKnownFileType = sourcecode.cpp.cpp; path = Robots.cpp; sourceTree = "<group>"; };
		659B9A3F1B110BE100F9C93C /* Robots.h */ = {isa = PBXFileReference; fileEncoding = 4; lastKnownFileType = sourcecode.c.h; path = Robots.h; sourceTree = "<group>"; };
/* End PBXFileReference section */

/* Begin PBXFrameworksBuildPhase section */
		659B9A311B1105DC00F9C93C /* Frameworks */ = {
			isa = PBXFrameworksBuildPhase;
			buildActionMask = 2147483647;
			files = (
			);
			runOnlyForDeploymentPostprocessing = 0;
		};
/* End PBXFrameworksBuildPhase section */

/* Begin PBXGroup section */
		659B9A2B1B1105DC00F9C93C = {
			isa = PBXGroup;
			children = (
				659B9A361B1105DC00F9C93C /* this */,
				659B9A351B1105DC00F9C93C /* Products */,
			);
			sourceTree = "<group>";
		};
		659B9A351B1105DC00F9C93C /* Products */ = {
			isa = PBXGroup;
			children = (
				659B9A341B1105DC00F9C93C /* this */,
			);
			name = Products;
			sourceTree = "<group>";
		};
		659B9A361B1105DC00F9C93C /* this */ = {
			isa = PBXGroup;
			children = (
				659B9A371B1105DC00F9C93C /* main.cpp */,
				659B9A3E1B110BE100F9C93C /* Robots.cpp */,
				659B9A3F1B110BE100F9C93C /* Robots.h */,
			);
			path = this;
			sourceTree = "<group>";
		};
/* End PBXGroup section */

/* Begin PBXNativeTarget section */
		659B9A331B1105DC00F9C93C /* this */ = {
			isa = PBXNativeTarget;
			buildConfigurationList = 659B9A3B1B1105DC00F9C93C /* Build configuration list for PBXNativeTarget "this" */;
			buildPhases = (
				659B9A301B1105DC00F9C93C /* Sources */,
				659B9A311B1105DC00F9C93C /* Frameworks */,
				659B9A321B1105DC00F9C93C /* CopyFiles */,
			);
			buildRules = (
			);
			dependencies = (
			);
			name = this;
			productName = this;
			productReference = 659B9A341B1105DC00F9C93C /* this */;
			productType = "com.apple.product-type.tool";
		};
/* End PBXNativeTarget section */

/* Begin PBXProject section */
		659B9A2C1B1105DC00F9C93C /* Project object */ = {
			isa = PBXProject;
			attributes = {
				LastUpgradeCheck = 0630;
				ORGANIZATIONNAME = "Chris Platika";
				TargetAttributes = {
					659B9A331B1105DC00F9C93C = {
						CreatedOnToolsVersion = 6.3.2;
					};
				};
			};
			buildConfigurationList = 659B9A2F1B1105DC00F9C93C /* Build configuration list for PBXProject "this" */;
			compatibilityVersion = "Xcode 3.2";
			developmentRegion = English;
			hasScannedForEncodings = 0;
			knownRegions = (
				en,
			);
			mainGroup = 659B9A2B1B1105DC00F9C93C;
			productRefGroup = 659B9A351B1105DC00F9C93C /* Products */;
			projectDirPath = "";
			projectRoot = "";
			targets = (
				659B9A331B1105DC00F9C93C /* this */,
			);
		};
/* End PBXProject section */

/* Begin PBXSourcesBuildPhase section */
		659B9A301B1105DC00F9C93C /* Sources */ = {
			isa = PBXSourcesBuildPhase;
			buildActionMask = 2147483647;
			files = (
				659B9A401B110BE100F9C93C /* Robots.cpp in Sources */,
				659B9A381B1105DC00F9C93C /* main.cpp in Sources */,
			);
			runOnlyForDeploymentPostprocessing = 0;
		};
/* End PBXSourcesBuildPhase section */

/* Begin XCBuildConfiguration section */
		659B9A391B1105DC00F9C93C /* Debug */ = {
			isa = XCBuildConfiguration;
			buildSettings = {
				ALWAYS_SEARCH_USER_PATHS = NO;
				CLANG_CXX_LANGUAGE_STANDARD = "gnu++0x";
				CLANG_CXX_LIBRARY = "libc++";
				CLANG_ENABLE_MODULES = YES;
				CLANG_ENABLE_OBJC_ARC = YES;
				CLANG_WARN_BOOL_CONVERSION = YES;
				CLANG_WARN_CONSTANT_CONVERSION = YES;
				CLANG_WARN_DIRECT_OBJC_ISA_USAGE = YES_ERROR;
				CLANG_WARN_EMPTY_BODY = YES;
				CLANG_WARN_ENUM_CONVERSION = YES;
				CLANG_WARN_INT_CONVERSION = YES;
				CLANG_WARN_OBJC_ROOT_CLASS = YES_ERROR;
				CLANG_WARN_UNREACHABLE_CODE = YES;
				CLANG_WARN__DUPLICATE_METHOD_MATCH = YES;
				COPY_PHASE_STRIP = NO;
				DEBUG_INFORMATION_FORMAT = dwarf;
				ENABLE_STRICT_OBJC_MSGSEND = YES;
				GCC_C_LANGUAGE_STANDARD = gnu99;
				GCC_DYNAMIC_NO_PIC = NO;
				GCC_NO_COMMON_BLOCKS = YES;
				GCC_OPTIMIZATION_LEVEL = 0;
				GCC_PREPROCESSOR_DEFINITIONS = (
					"DEBUG=1",
					"$(inherited)",
				);
				GCC_SYMBOLS_PRIVATE_EXTERN = NO;
				GCC_WARN_64_TO_32_BIT_CONVERSION = YES;
				GCC_WARN_ABOUT_RETURN_TYPE = YES_ERROR;
				GCC_WARN_UNDECLARED_SELECTOR = YES;
				GCC_WARN_UNINITIALIZED_AUTOS = YES_AGGRESSIVE;
				GCC_WARN_UNUSED_FUNCTION = YES;
				GCC_WARN_UNUSED_VARIABLE = YES;
				MACOSX_DEPLOYMENT_TARGET = 10.10;
				MTL_ENABLE_DEBUG_INFO = YES;
				ONLY_ACTIVE_ARCH = YES;
				SDKROOT = macosx;
			};
			name = Debug;
		};
		659B9A3A1B1105DC00F9C93C /* Release */ = {
			isa = XCBuildConfiguration;
			buildSettings = {
				ALWAYS_SEARCH_USER_PATHS = NO;
				CLANG_CXX_LANGUAGE_STANDARD = "gnu++0x";
				CLANG_CXX_LIBRARY = "libc++";
				CLANG_ENABLE_MODULES = YES;
				CLANG_ENABLE_OBJC_ARC = YES;
				CLANG_WARN_BOOL_CONVERSION = YES;
				CLANG_WARN_CONSTANT_CONVERSION = YES;
				CLANG_WARN_DIRECT_OBJC_ISA_USAGE = YES_ERROR;
				CLANG_WARN_EMPTY_BODY = YES;
				CLANG_WARN_ENUM_CONVERSION = YES;
				CLANG_WARN_INT_CONVERSION = YES;
				CLANG_WARN_OBJC_ROOT_CLASS = YES_ERROR;
				CLANG_WARN_UNREACHABLE_CODE = YES;
				CLANG_WARN__DUPLICATE_METHOD_MATCH = YES;
				COPY_PHASE_STRIP = NO;
				DEBUG_INFORMATION_FORMAT = "dwarf-with-dsym";
				ENABLE_NS_ASSERTIONS = NO;
				ENABLE_STRICT_OBJC_MSGSEND = YES;
				GCC_C_LANGUAGE_STANDARD = gnu99;
				GCC_NO_COMMON_BLOCKS = YES;
				GCC_WARN_64_TO_32_BIT_CONVERSION = YES;
				GCC_WARN_ABOUT_RETURN_TYPE = YES_ERROR;
				GCC_WARN_UNDECLARED_SELECTOR = YES;
				GCC_WARN_UNINITIALIZED_AUTOS = YES_AGGRESSIVE;
				GCC_WARN_UNUSED_FUNCTION = YES;
				GCC_WARN_UNUSED_VARIABLE = YES;
				MACOSX_DEPLOYMENT_TARGET = 10.10;
				MTL_ENABLE_DEBUG_INFO = NO;
				SDKROOT = macosx;
			};
			name = Release;
		};
		659B9A3C1B1105DC00F9C93C /* Debug */ = {
			isa = XCBuildConfiguration;
			buildSettings = {
				PRODUCT_NAME = "$(TARGET_NAME)";
			};
			name = Debug;
		};
		659B9A3D1B1105DC00F9C93C /* Release */ = {
			isa = XCBuildConfiguration;
			buildSettings = {
				PRODUCT_NAME = "$(TARGET_NAME)";
			};
			name = Release;
		};
/* End XCBuildConfiguration section */

/* Begin XCConfigurationList section */
		659B9A2F1B1105DC00F9C93C /* Build configuration list for PBXProject "this" */ = {
			isa = XCConfigurationList;
			buildConfigurations = (
				659B9A391B1105DC00F9C93C /* Debug */,
				659B9A3A1B1105DC00F9C93C /* Release */,
			);
			defaultConfigurationIsVisible = 0;
			defaultConfigurationName = Release;
		};
		659B9A3B1B1105DC00F9C93C /* Build configuration list for PBXNativeTarget "this" */ = {
			isa = XCConfigurationList;
			buildConfigurations = (
				659B9A3C1B1105DC00F9C93C /* Debug */,
				659B9A3D1B1105DC00F9C93C /* Release */,
			);
			defaultConfigurationIsVisible = 0;
		};
/* End XCConfigurationList section */
	};
	rootObject = 659B9A2C1B1105DC00F9C93C /* Project object */;
}
